schema: '2.0'
stages:
  data_cleaning:
    cmd: python src/data/data_cleaning.py
    deps:
    - path: data/raw/swiggy_raw.csv
      hash: md5
      md5: 55bd6cc42f2360b5de9569cf9cbd8342
      size: 7726618
    - path: src/data/data_cleaning.py
      hash: md5
      md5: 2b8c964176810cd604fd7a249f543b98
      size: 9633
    outs:
    - path: data/cleaned/swiggy_cleaned.csv
      hash: md5
      md5: 4918716e52fc57babdcd400dfb3c3f29
      size: 4508527
  data_preparation:
    cmd: python src/data/data_preparation.py
    deps:
    - path: data/cleaned/swiggy_cleaned.csv
      hash: md5
      md5: 4918716e52fc57babdcd400dfb3c3f29
      size: 4508527
    - path: src/data/data_preparation.py
      hash: md5
      md5: dc11b1f128dc3b9e5bf60452f21ce736
      size: 3043
    params:
      params.yaml:
        Data_Preparation.random_state: 42
        Data_Preparation.test_size: 0.2
    outs:
    - path: data/interim/test.csv
      hash: md5
      md5: 20172ab330931a534fcb3fb75bf1b77a
      size: 901132
    - path: data/interim/train.csv
      hash: md5
      md5: 08e8f74451482dfdf2f472e94acb5993
      size: 3604437
  data_preprocessing:
    cmd: python src/features/data_preprocessing.py
    deps:
    - path: data/interim/test.csv
      hash: md5
      md5: 20172ab330931a534fcb3fb75bf1b77a
      size: 901132
    - path: data/interim/train.csv
      hash: md5
      md5: 08e8f74451482dfdf2f472e94acb5993
      size: 3604437
    - path: src/features/data_preprocessing.py
      hash: md5
      md5: 3eb9a5b6a87657b2079e024bee925c18
      size: 5984
    outs:
    - path: data/processed/test_trans.csv
      hash: md5
      md5: 2519c7291782edca74e688cc944df5b9
      size: 1089313
    - path: data/processed/train_trans.csv
      hash: md5
      md5: 0d2f47751596e1c0f6bffbf7bb582a07
      size: 4329420
    - path: models/preprocessor.joblib
      hash: md5
      md5: 7952568214f0f7814f03183dd415c25e
      size: 6415
  train:
    cmd: python src/models/train.py
    deps:
    - path: data/processed/train_trans.csv
      hash: md5
      md5: 0d2f47751596e1c0f6bffbf7bb582a07
      size: 4329420
    - path: src/models/train.py
      hash: md5
      md5: e88d5994b1343115dd892562854e667c
      size: 4177
    params:
      params.yaml:
        Train.LightGBM:
          n_estimators: 159
          max_depth: 27
          learning_rate: 0.25
          subsample: 0.7592213724048168
          min_child_weight: 20
          min_split_gain: 0.004604680609280751
          reg_lambda: 97.81002379097947
          n_jobs: -1
        Train.Random_Forest:
          n_estimators: 479
          criterion: squared_error
          max_depth: 17
          max_features: 1
          min_samples_split: 9
          min_samples_leaf: 3
          max_samples: 0.67
          verbose: 1
          n_jobs: -1
    outs:
    - path: models/model.joblib
      hash: md5
      md5: 6beebc4bcf94d0959dfbe9d84acf06cd
      size: 134896296
    - path: models/power_transformer.joblib
      hash: md5
      md5: 9e9f59eb61e5d4af7ff5f77a00f3055a
      size: 837
    - path: models/stacking_regressor.joblib
      hash: md5
      md5: 86e72e26cbd493926aa596c3e47de500
      size: 134892378
  evaluation:
    cmd: python src/models/evaluation.py
    deps:
    - path: data/processed/test_trans.csv
      hash: md5
      md5: 2519c7291782edca74e688cc944df5b9
      size: 1089313
    - path: data/processed/train_trans.csv
      hash: md5
      md5: 0d2f47751596e1c0f6bffbf7bb582a07
      size: 4329420
    - path: models/model.joblib
      hash: md5
      md5: 6beebc4bcf94d0959dfbe9d84acf06cd
      size: 134896296
    - path: src/models/evaluation.py
      hash: md5
      md5: 1ec7a13e58f60e3bb1e5b602e81d9198
      size: 5385
    outs:
    - path: run_information.json
      hash: md5
      md5: 327599c1fd8b07e05c09b2c88be8b762
      size: 225
  register_model:
    cmd: python src/models/register_model.py
    deps:
    - path: run_information.json
      hash: md5
      md5: 327599c1fd8b07e05c09b2c88be8b762
      size: 225
    - path: src/models/register_model.py
      hash: md5
      md5: 0815ef3897c2e59afdddaf85e7bee2c6
      size: 2145
