schema: '2.0'
stages:
  data_cleaning:
    cmd: python src/data/data_cleaning.py
    deps:
    - path: data/raw/swiggy_raw.csv
      hash: md5
      md5: 55bd6cc42f2360b5de9569cf9cbd8342
      size: 7726618
    - path: src/data/data_cleaning.py
      hash: md5
      md5: 2b8c964176810cd604fd7a249f543b98
      size: 9633
    outs:
    - path: data/cleaned/swiggy_cleaned.csv
      hash: md5
      md5: 4918716e52fc57babdcd400dfb3c3f29
      size: 4508527
  data_preparation:
    cmd: python src/data/data_preparation.py
    deps:
    - path: data/cleaned/swiggy_cleaned.csv
      hash: md5
      md5: 4918716e52fc57babdcd400dfb3c3f29
      size: 4508527
    - path: src/data/data_preparation.py
      hash: md5
      md5: dc11b1f128dc3b9e5bf60452f21ce736
      size: 3043
    params:
      params.yaml:
        Data_Preparation.random_state: 40
        Data_Preparation.test_size: 0.2
    outs:
    - path: data/interim/test.csv
      hash: md5
      md5: 0c198d96c7c03091dce541cf849be6d2
      size: 901406
    - path: data/interim/train.csv
      hash: md5
      md5: 6a2903667f1a01bf2ffff0a81694d477
      size: 3604163
  data_preprocessing:
    cmd: python src/features/data_preprocessing.py
    deps:
    - path: data/interim/test.csv
      hash: md5
      md5: 0c198d96c7c03091dce541cf849be6d2
      size: 901406
    - path: data/interim/train.csv
      hash: md5
      md5: 6a2903667f1a01bf2ffff0a81694d477
      size: 3604163
    - path: src/features/data_preprocessing.py
      hash: md5
      md5: 3eb9a5b6a87657b2079e024bee925c18
      size: 5984
    outs:
    - path: data/processed/test_trans.csv
      hash: md5
      md5: d9c1b787f1742bbd71156b76ab0f8aa9
      size: 1085342
    - path: data/processed/train_trans.csv
      hash: md5
      md5: a16ee186e2bde2a7a97b58bd016ef6d0
      size: 4333391
    - path: models/preprocessor.joblib
      hash: md5
      md5: 9a46a583a4003322025e9c00f6a1afb3
      size: 6415
  train:
    cmd: python src/models/train.py
    deps:
    - path: data/processed/train_trans.csv
      hash: md5
      md5: a16ee186e2bde2a7a97b58bd016ef6d0
      size: 4333391
    - path: src/models/train.py
      hash: md5
      md5: e88d5994b1343115dd892562854e667c
      size: 4177
    params:
      params.yaml:
        Train.LightGBM:
          n_estimators: 160
          max_depth: 30
          learning_rate: 0.27
          subsample: 0.7592213724048168
          min_child_weight: 20
          min_split_gain: 0.004604680609280751
          reg_lambda: 97.81002379097947
          n_jobs: -1
        Train.Random_Forest:
          n_estimators: 479
          criterion: squared_error
          max_depth: 21
          max_features: 1
          min_samples_split: 10
          min_samples_leaf: 5
          max_samples: 0.67
          verbose: 1
          n_jobs: -1
    outs:
    - path: models/model.joblib
      hash: md5
      md5: e310838fefb3310c3792095b644b3678
      size: 96833592
    - path: models/power_transformer.joblib
      hash: md5
      md5: 371595595ca94439efa5840341ae20c7
      size: 837
    - path: models/stacking_regressor.joblib
      hash: md5
      md5: 67f99d30d8d9ba676a5c720f9a08032b
      size: 96829674
  evaluation:
    cmd: python src/models/evaluation.py
    deps:
    - path: data/processed/test_trans.csv
      hash: md5
      md5: d9c1b787f1742bbd71156b76ab0f8aa9
      size: 1085342
    - path: data/processed/train_trans.csv
      hash: md5
      md5: a16ee186e2bde2a7a97b58bd016ef6d0
      size: 4333391
    - path: models/model.joblib
      hash: md5
      md5: e310838fefb3310c3792095b644b3678
      size: 96833592
    - path: src/models/evaluation.py
      hash: md5
      md5: 1ec7a13e58f60e3bb1e5b602e81d9198
      size: 5385
    outs:
    - path: run_information.json
      hash: md5
      md5: 48aa1388a216b42b24312baa881c7985
      size: 225
  register_model:
    cmd: python src/models/register_model.py
    deps:
    - path: run_information.json
      hash: md5
      md5: 48aa1388a216b42b24312baa881c7985
      size: 225
    - path: src/models/register_model.py
      hash: md5
      md5: 0815ef3897c2e59afdddaf85e7bee2c6
      size: 2145
